
Microsoft Visual Studio Solution File, Format Version 12.00
# Visual Studio 15
VisualStudioVersion = 15.0.28010.2050
MinimumVisualStudioVersion = 10.0.40219.1
Project("{FAE04EC0-301F-11D3-BF4B-00C04F79EFBC}") = "MazeSolver.Base", "MazeSolver.Base\MazeSolver.Base.csproj", "{A63548F1-C42F-4C3C-BA66-70C00D7CD62D}"
EndProject
Project("{FAE04EC0-301F-11D3-BF4B-00C04F79EFBC}") = "MazeSolver.Dijkstra", "MazeSolver.Dijkstra\MazeSolver.Dijkstra.csproj", "{8EA8A892-7F44-41A1-9E4B-18F6CD50891A}"
EndProject
Global
	GlobalSection(SolutionConfigurationPlatforms) = preSolution
		Debug|Any CPU = Debug|Any CPU
		Release|Any CPU = Release|Any CPU
	EndGlobalSection
	GlobalSection(ProjectConfigurationPlatforms) = postSolution
		{A63548F1-C42F-4C3C-BA66-70C00D7CD62D}.Debug|Any CPU.ActiveCfg = Debug|Any CPU
		{A63548F1-C42F-4C3C-BA66-70C00D7CD62D}.Debug|Any CPU.Build.0 = Debug|Any CPU
		{A63548F1-C42F-4C3C-BA66-70C00D7CD62D}.Release|Any CPU.ActiveCfg = Release|Any CPU
		{A63548F1-C42F-4C3C-BA66-70C00D7CD62D}.Release|Any CPU.Build.0 = Release|Any CPU
		{8EA8A892-7F44-41A1-9E4B-18F6CD50891A}.Debug|Any CPU.ActiveCfg = Debug|Any CPU
		{8EA8A892-7F44-41A1-9E4B-18F6CD50891A}.Debug|Any CPU.Build.0 = Debug|Any CPU
		{8EA8A892-7F44-41A1-9E4B-18F6CD50891A}.Release|Any CPU.ActiveCfg = Release|Any CPU
		{8EA8A892-7F44-41A1-9E4B-18F6CD50891A}.Release|Any CPU.Build.0 = Release|Any CPU
	EndGlobalSection
	GlobalSection(SolutionProperties) = preSolution
		HideSolutionNode = FALSE
	EndGlobalSection
	GlobalSection(ExtensibilityGlobals) = postSolution
		SolutionGuid = {969A0430-5E0B-420B-879F-9857CCA59FF5}
	EndGlobalSection
EndGlobal
